// !$*UTF8*$!
{
	archiveVersion = 1;
	classes = {
	};
	objectVersion = 56;
	objects = {

/* Begin PBXBuildFile section */
		C0AC227D2B9E8DD800F3B624 /* TouchdownApp.swift in Sources */ = {isa = PBXBuildFile; fileRef = C0AC227C2B9E8DD800F3B624 /* TouchdownApp.swift */; };
		C0AC227F2B9E8DD800F3B624 /* ContentView.swift in Sources */ = {isa = PBXBuildFile; fileRef = C0AC227E2B9E8DD800F3B624 /* ContentView.swift */; };
		C0AC22812B9E8DD900F3B624 /* Assets.xcassets in Resources */ = {isa = PBXBuildFile; fileRef = C0AC22802B9E8DD900F3B624 /* Assets.xcassets */; };
		C0AC22842B9E8DD900F3B624 /* Preview Assets.xcassets in Resources */ = {isa = PBXBuildFile; fileRef = C0AC22832B9E8DD900F3B624 /* Preview Assets.xcassets */; };
		C0AC228E2B9E928800F3B624 /* player.json in Resources */ = {isa = PBXBuildFile; fileRef = C0AC228A2B9E928800F3B624 /* player.json */; };
		C0AC228F2B9E928800F3B624 /* category.json in Resources */ = {isa = PBXBuildFile; fileRef = C0AC228B2B9E928800F3B624 /* category.json */; };
		C0AC22902B9E928800F3B624 /* product.json in Resources */ = {isa = PBXBuildFile; fileRef = C0AC228C2B9E928800F3B624 /* product.json */; };
		C0AC22912B9E928800F3B624 /* brand.json in Resources */ = {isa = PBXBuildFile; fileRef = C0AC228D2B9E928800F3B624 /* brand.json */; };
		C0AC229C2B9E98AC00F3B624 /* Constant.swift in Sources */ = {isa = PBXBuildFile; fileRef = C0AC229B2B9E98AC00F3B624 /* Constant.swift */; };
		C0AC229E2B9E9A0C00F3B624 /* FooterView.swift in Sources */ = {isa = PBXBuildFile; fileRef = C0AC229D2B9E9A0C00F3B624 /* FooterView.swift */; };
		C0AC22A02B9EA28A00F3B624 /* NavigationBarView.swift in Sources */ = {isa = PBXBuildFile; fileRef = C0AC229F2B9EA28A00F3B624 /* NavigationBarView.swift */; };
		C0AC22A22B9EA75200F3B624 /* LogoView.swift in Sources */ = {isa = PBXBuildFile; fileRef = C0AC22A12B9EA75200F3B624 /* LogoView.swift */; };
		C0AC22A42B9FCA6A00F3B624 /* PlayerModel.swift in Sources */ = {isa = PBXBuildFile; fileRef = C0AC22A32B9FCA6A00F3B624 /* PlayerModel.swift */; };
		C0AC22A72B9FCB4C00F3B624 /* CodableBundleExtension.swift in Sources */ = {isa = PBXBuildFile; fileRef = C0AC22A62B9FCB4C00F3B624 /* CodableBundleExtension.swift */; };
		C0AC22A92B9FD04D00F3B624 /* FeaturedItemView.swift in Sources */ = {isa = PBXBuildFile; fileRef = C0AC22A82B9FD04D00F3B624 /* FeaturedItemView.swift */; };
		C0AC22AB2B9FD2FF00F3B624 /* FeaturedTabView.swift in Sources */ = {isa = PBXBuildFile; fileRef = C0AC22AA2B9FD2FF00F3B624 /* FeaturedTabView.swift */; };
		C0AC22AF2B9FDECA00F3B624 /* CategoryModel.swift in Sources */ = {isa = PBXBuildFile; fileRef = C0AC22AE2B9FDECA00F3B624 /* CategoryModel.swift */; };
		C0AC22B12B9FE0C400F3B624 /* CategoryItemView.swift in Sources */ = {isa = PBXBuildFile; fileRef = C0AC22B02B9FE0C400F3B624 /* CategoryItemView.swift */; };
		C0AC22B32B9FE5A400F3B624 /* CategoryGridView.swift in Sources */ = {isa = PBXBuildFile; fileRef = C0AC22B22B9FE5A400F3B624 /* CategoryGridView.swift */; };
		C0AC22B52B9FE9C700F3B624 /* SectionView.swift in Sources */ = {isa = PBXBuildFile; fileRef = C0AC22B42B9FE9C700F3B624 /* SectionView.swift */; };
		C0AC22B72BA134DE00F3B624 /* TitleView.swift in Sources */ = {isa = PBXBuildFile; fileRef = C0AC22B62BA134DE00F3B624 /* TitleView.swift */; };
		C0AC22B92BA136D900F3B624 /* ProductModel.swift in Sources */ = {isa = PBXBuildFile; fileRef = C0AC22B82BA136D900F3B624 /* ProductModel.swift */; };
		C0AC22BB2BA1387B00F3B624 /* ProductItemView.swift in Sources */ = {isa = PBXBuildFile; fileRef = C0AC22BA2BA1387B00F3B624 /* ProductItemView.swift */; };
		C0AC22BD2BA142B000F3B624 /* BrandModel.swift in Sources */ = {isa = PBXBuildFile; fileRef = C0AC22BC2BA142B000F3B624 /* BrandModel.swift */; };
		C0AC22BF2BA143A900F3B624 /* BrandItemView.swift in Sources */ = {isa = PBXBuildFile; fileRef = C0AC22BE2BA143A900F3B624 /* BrandItemView.swift */; };
		C0AC22C12BA1454800F3B624 /* BrandGridView.swift in Sources */ = {isa = PBXBuildFile; fileRef = C0AC22C02BA1454800F3B624 /* BrandGridView.swift */; };
/* End PBXBuildFile section */

/* Begin PBXFileReference section */
		C0AC22792B9E8DD800F3B624 /* Touchdown.app */ = {isa = PBXFileReference; explicitFileType = wrapper.application; includeInIndex = 0; path = Touchdown.app; sourceTree = BUILT_PRODUCTS_DIR; };
		C0AC227C2B9E8DD800F3B624 /* TouchdownApp.swift */ = {isa = PBXFileReference; lastKnownFileType = sourcecode.swift; path = TouchdownApp.swift; sourceTree = "<group>"; };
		C0AC227E2B9E8DD800F3B624 /* ContentView.swift */ = {isa = PBXFileReference; lastKnownFileType = sourcecode.swift; path = ContentView.swift; sourceTree = "<group>"; };
		C0AC22802B9E8DD900F3B624 /* Assets.xcassets */ = {isa = PBXFileReference; lastKnownFileType = folder.assetcatalog; path = Assets.xcassets; sourceTree = "<group>"; };
		C0AC22832B9E8DD900F3B624 /* Preview Assets.xcassets */ = {isa = PBXFileReference; lastKnownFileType = folder.assetcatalog; path = "Preview Assets.xcassets"; sourceTree = "<group>"; };
		C0AC228A2B9E928800F3B624 /* player.json */ = {isa = PBXFileReference; fileEncoding = 4; lastKnownFileType = text.json; path = player.json; sourceTree = "<group>"; };
		C0AC228B2B9E928800F3B624 /* category.json */ = {isa = PBXFileReference; fileEncoding = 4; lastKnownFileType = text.json; path = category.json; sourceTree = "<group>"; };
		C0AC228C2B9E928800F3B624 /* product.json */ = {isa = PBXFileReference; fileEncoding = 4; lastKnownFileType = text.json; path = product.json; sourceTree = "<group>"; };
		C0AC228D2B9E928800F3B624 /* brand.json */ = {isa = PBXFileReference; fileEncoding = 4; lastKnownFileType = text.json; path = brand.json; sourceTree = "<group>"; };
		C0AC22922B9E934D00F3B624 /* Info.plist */ = {isa = PBXFileReference; lastKnownFileType = text.plist; path = Info.plist; sourceTree = "<group>"; };
		C0AC229B2B9E98AC00F3B624 /* Constant.swift */ = {isa = PBXFileReference; lastKnownFileType = sourcecode.swift; path = Constant.swift; sourceTree = "<group>"; };
		C0AC229D2B9E9A0C00F3B624 /* FooterView.swift */ = {isa = PBXFileReference; lastKnownFileType = sourcecode.swift; path = FooterView.swift; sourceTree = "<group>"; };
		C0AC229F2B9EA28A00F3B624 /* NavigationBarView.swift */ = {isa = PBXFileReference; lastKnownFileType = sourcecode.swift; path = NavigationBarView.swift; sourceTree = "<group>"; };
		C0AC22A12B9EA75200F3B624 /* LogoView.swift */ = {isa = PBXFileReference; lastKnownFileType = sourcecode.swift; path = LogoView.swift; sourceTree = "<group>"; };
		C0AC22A32B9FCA6A00F3B624 /* PlayerModel.swift */ = {isa = PBXFileReference; lastKnownFileType = sourcecode.swift; path = PlayerModel.swift; sourceTree = "<group>"; };
		C0AC22A62B9FCB4C00F3B624 /* CodableBundleExtension.swift */ = {isa = PBXFileReference; lastKnownFileType = sourcecode.swift; path = CodableBundleExtension.swift; sourceTree = "<group>"; };
		C0AC22A82B9FD04D00F3B624 /* FeaturedItemView.swift */ = {isa = PBXFileReference; lastKnownFileType = sourcecode.swift; path = FeaturedItemView.swift; sourceTree = "<group>"; };
		C0AC22AA2B9FD2FF00F3B624 /* FeaturedTabView.swift */ = {isa = PBXFileReference; lastKnownFileType = sourcecode.swift; path = FeaturedTabView.swift; sourceTree = "<group>"; };
		C0AC22AE2B9FDECA00F3B624 /* CategoryModel.swift */ = {isa = PBXFileReference; lastKnownFileType = sourcecode.swift; path = CategoryModel.swift; sourceTree = "<group>"; };
		C0AC22B02B9FE0C400F3B624 /* CategoryItemView.swift */ = {isa = PBXFileReference; lastKnownFileType = sourcecode.swift; path = CategoryItemView.swift; sourceTree = "<group>"; };
		C0AC22B22B9FE5A400F3B624 /* CategoryGridView.swift */ = {isa = PBXFileReference; lastKnownFileType = sourcecode.swift; path = CategoryGridView.swift; sourceTree = "<group>"; };
		C0AC22B42B9FE9C700F3B624 /* SectionView.swift */ = {isa = PBXFileReference; lastKnownFileType = sourcecode.swift; path = SectionView.swift; sourceTree = "<group>"; };
		C0AC22B62BA134DE00F3B624 /* TitleView.swift */ = {isa = PBXFileReference; lastKnownFileType = sourcecode.swift; path = TitleView.swift; sourceTree = "<group>"; };
		C0AC22B82BA136D900F3B624 /* ProductModel.swift */ = {isa = PBXFileReference; lastKnownFileType = sourcecode.swift; path = ProductModel.swift; sourceTree = "<group>"; };
		C0AC22BA2BA1387B00F3B624 /* ProductItemView.swift */ = {isa = PBXFileReference; lastKnownFileType = sourcecode.swift; path = ProductItemView.swift; sourceTree = "<group>"; };
		C0AC22BC2BA142B000F3B624 /* BrandModel.swift */ = {isa = PBXFileReference; lastKnownFileType = sourcecode.swift; path = BrandModel.swift; sourceTree = "<group>"; };
		C0AC22BE2BA143A900F3B624 /* BrandItemView.swift */ = {isa = PBXFileReference; lastKnownFileType = sourcecode.swift; path = BrandItemView.swift; sourceTree = "<group>"; };
		C0AC22C02BA1454800F3B624 /* BrandGridView.swift */ = {isa = PBXFileReference; lastKnownFileType = sourcecode.swift; path = BrandGridView.swift; sourceTree = "<group>"; };
/* End PBXFileReference section */

/* Begin PBXFrameworksBuildPhase section */
		C0AC22762B9E8DD800F3B624 /* Frameworks */ = {
			isa = PBXFrameworksBuildPhase;
			buildActionMask = 2147483647;
			files = (
			);
			runOnlyForDeploymentPostprocessing = 0;
		};
/* End PBXFrameworksBuildPhase section */

/* Begin PBXGroup section */
		C0AC22702B9E8DD800F3B624 = {
			isa = PBXGroup;
			children = (
				C0AC227B2B9E8DD800F3B624 /* Touchdown */,
				C0AC227A2B9E8DD800F3B624 /* Products */,
			);
			sourceTree = "<group>";
		};
		C0AC227A2B9E8DD800F3B624 /* Products */ = {
			isa = PBXGroup;
			children = (
				C0AC22792B9E8DD800F3B624 /* Touchdown.app */,
			);
			name = Products;
			sourceTree = "<group>";
		};
		C0AC227B2B9E8DD800F3B624 /* Touchdown */ = {
			isa = PBXGroup;
			children = (
				C0AC22952B9E970A00F3B624 /* View */,
				C0AC22942B9E96E100F3B624 /* App */,
				C0AC22982B9E975800F3B624 /* Model */,
				C0AC22932B9E966100F3B624 /* Data */,
				C0AC229A2B9E976C00F3B624 /* Utility */,
				C0AC22992B9E976000F3B624 /* Extension */,
				C0AC22922B9E934D00F3B624 /* Info.plist */,
				C0AC22802B9E8DD900F3B624 /* Assets.xcassets */,
				C0AC22822B9E8DD900F3B624 /* Preview Content */,
			);
			path = Touchdown;
			sourceTree = "<group>";
		};
		C0AC22822B9E8DD900F3B624 /* Preview Content */ = {
			isa = PBXGroup;
			children = (
				C0AC22832B9E8DD900F3B624 /* Preview Assets.xcassets */,
			);
			path = "Preview Content";
			sourceTree = "<group>";
		};
		C0AC22932B9E966100F3B624 /* Data */ = {
			isa = PBXGroup;
			children = (
				C0AC228D2B9E928800F3B624 /* brand.json */,
				C0AC228B2B9E928800F3B624 /* category.json */,
				C0AC228A2B9E928800F3B624 /* player.json */,
				C0AC228C2B9E928800F3B624 /* product.json */,
			);
			path = Data;
			sourceTree = "<group>";
		};
		C0AC22942B9E96E100F3B624 /* App */ = {
			isa = PBXGroup;
			children = (
				C0AC227C2B9E8DD800F3B624 /* TouchdownApp.swift */,
				C0AC227E2B9E8DD800F3B624 /* ContentView.swift */,
			);
			path = App;
			sourceTree = "<group>";
		};
		C0AC22952B9E970A00F3B624 /* View */ = {
			isa = PBXGroup;
			children = (
				C0AC22972B9E972B00F3B624 /* Detail */,
				C0AC22962B9E971900F3B624 /* Home */,
			);
			path = View;
			sourceTree = "<group>";
		};
		C0AC22962B9E971900F3B624 /* Home */ = {
			isa = PBXGroup;
			children = (
				C0AC229D2B9E9A0C00F3B624 /* FooterView.swift */,
				C0AC229F2B9EA28A00F3B624 /* NavigationBarView.swift */,
				C0AC22A12B9EA75200F3B624 /* LogoView.swift */,
				C0AC22A82B9FD04D00F3B624 /* FeaturedItemView.swift */,
				C0AC22AA2B9FD2FF00F3B624 /* FeaturedTabView.swift */,
				C0AC22B02B9FE0C400F3B624 /* CategoryItemView.swift */,
				C0AC22B22B9FE5A400F3B624 /* CategoryGridView.swift */,
				C0AC22B42B9FE9C700F3B624 /* SectionView.swift */,
				C0AC22B62BA134DE00F3B624 /* TitleView.swift */,
				C0AC22BA2BA1387B00F3B624 /* ProductItemView.swift */,
				C0AC22BE2BA143A900F3B624 /* BrandItemView.swift */,
				C0AC22C02BA1454800F3B624 /* BrandGridView.swift */,
			);
			path = Home;
			sourceTree = "<group>";
		};
		C0AC22972B9E972B00F3B624 /* Detail */ = {
			isa = PBXGroup;
			children = (
			);
			path = Detail;
			sourceTree = "<group>";
		};
		C0AC22982B9E975800F3B624 /* Model */ = {
			isa = PBXGroup;
			children = (
				C0AC22A32B9FCA6A00F3B624 /* PlayerModel.swift */,
				C0AC22AE2B9FDECA00F3B624 /* CategoryModel.swift */,
				C0AC22B82BA136D900F3B624 /* ProductModel.swift */,
				C0AC22BC2BA142B000F3B624 /* BrandModel.swift */,
			);
			path = Model;
			sourceTree = "<group>";
		};
		C0AC22992B9E976000F3B624 /* Extension */ = {
			isa = PBXGroup;
			children = (
				C0AC22A62B9FCB4C00F3B624 /* CodableBundleExtension.swift */,
			);
			path = Extension;
			sourceTree = "<group>";
		};
		C0AC229A2B9E976C00F3B624 /* Utility */ = {
			isa = PBXGroup;
			children = (
				C0AC229B2B9E98AC00F3B624 /* Constant.swift */,
			);
			path = Utility;
			sourceTree = "<group>";
		};
/* End PBXGroup section */

/* Begin PBXNativeTarget section */
		C0AC22782B9E8DD800F3B624 /* Touchdown */ = {
			isa = PBXNativeTarget;
			buildConfigurationList = C0AC22872B9E8DD900F3B624 /* Build configuration list for PBXNativeTarget "Touchdown" */;
			buildPhases = (
				C0AC22752B9E8DD800F3B624 /* Sources */,
				C0AC22762B9E8DD800F3B624 /* Frameworks */,
				C0AC22772B9E8DD800F3B624 /* Resources */,
			);
			buildRules = (
			);
			dependencies = (
			);
			name = Touchdown;
			productName = Touchdown;
			productReference = C0AC22792B9E8DD800F3B624 /* Touchdown.app */;
			productType = "com.apple.product-type.application";
		};
/* End PBXNativeTarget section */

/* Begin PBXProject section */
		C0AC22712B9E8DD800F3B624 /* Project object */ = {
			isa = PBXProject;
			attributes = {
				BuildIndependentTargetsInParallel = 1;
				LastSwiftUpdateCheck = 1530;
				LastUpgradeCheck = 1530;
				TargetAttributes = {
					C0AC22782B9E8DD800F3B624 = {
						CreatedOnToolsVersion = 15.3;
					};
				};
			};
			buildConfigurationList = C0AC22742B9E8DD800F3B624 /* Build configuration list for PBXProject "Touchdown" */;
			compatibilityVersion = "Xcode 14.0";
			developmentRegion = en;
			hasScannedForEncodings = 0;
			knownRegions = (
				en,
				Base,
			);
			mainGroup = C0AC22702B9E8DD800F3B624;
			productRefGroup = C0AC227A2B9E8DD800F3B624 /* Products */;
			projectDirPath = "";
			projectRoot = "";
			targets = (
				C0AC22782B9E8DD800F3B624 /* Touchdown */,
			);
		};
/* End PBXProject section */

/* Begin PBXResourcesBuildPhase section */
		C0AC22772B9E8DD800F3B624 /* Resources */ = {
			isa = PBXResourcesBuildPhase;
			buildActionMask = 2147483647;
			files = (
				C0AC228E2B9E928800F3B624 /* player.json in Resources */,
				C0AC22842B9E8DD900F3B624 /* Preview Assets.xcassets in Resources */,
				C0AC22812B9E8DD900F3B624 /* Assets.xcassets in Resources */,
				C0AC228F2B9E928800F3B624 /* category.json in Resources */,
				C0AC22902B9E928800F3B624 /* product.json in Resources */,
				C0AC22912B9E928800F3B624 /* brand.json in Resources */,
			);
			runOnlyForDeploymentPostprocessing = 0;
		};
/* End PBXResourcesBuildPhase section */

/* Begin PBXSourcesBuildPhase section */
		C0AC22752B9E8DD800F3B624 /* Sources */ = {
			isa = PBXSourcesBuildPhase;
			buildActionMask = 2147483647;
			files = (
				C0AC22A72B9FCB4C00F3B624 /* CodableBundleExtension.swift in Sources */,
				C0AC227F2B9E8DD800F3B624 /* ContentView.swift in Sources */,
				C0AC22A22B9EA75200F3B624 /* LogoView.swift in Sources */,
				C0AC229E2B9E9A0C00F3B624 /* FooterView.swift in Sources */,
				C0AC22A92B9FD04D00F3B624 /* FeaturedItemView.swift in Sources */,
				C0AC22BB2BA1387B00F3B624 /* ProductItemView.swift in Sources */,
				C0AC22C12BA1454800F3B624 /* BrandGridView.swift in Sources */,
				C0AC227D2B9E8DD800F3B624 /* TouchdownApp.swift in Sources */,
				C0AC229C2B9E98AC00F3B624 /* Constant.swift in Sources */,
				C0AC22B32B9FE5A400F3B624 /* CategoryGridView.swift in Sources */,
				C0AC22BF2BA143A900F3B624 /* BrandItemView.swift in Sources */,
				C0AC22AF2B9FDECA00F3B624 /* CategoryModel.swift in Sources */,
				C0AC22A02B9EA28A00F3B624 /* NavigationBarView.swift in Sources */,
				C0AC22B52B9FE9C700F3B624 /* SectionView.swift in Sources */,
				C0AC22B12B9FE0C400F3B624 /* CategoryItemView.swift in Sources */,
				C0AC22AB2B9FD2FF00F3B624 /* FeaturedTabView.swift in Sources */,
				C0AC22A42B9FCA6A00F3B624 /* PlayerModel.swift in Sources */,
				C0AC22BD2BA142B000F3B624 /* BrandModel.swift in Sources */,
				C0AC22B72BA134DE00F3B624 /* TitleView.swift in Sources */,
				C0AC22B92BA136D900F3B624 /* ProductModel.swift in Sources */,
			);
			runOnlyForDeploymentPostprocessing = 0;
		};
/* End PBXSourcesBuildPhase section */

/* Begin XCBuildConfiguration section */
		C0AC22852B9E8DD900F3B624 /* Debug */ = {
			isa = XCBuildConfiguration;
			buildSettings = {
				ALWAYS_SEARCH_USER_PATHS = NO;
				ASSETCATALOG_COMPILER_GENERATE_SWIFT_ASSET_SYMBOL_EXTENSIONS = YES;
				CLANG_ANALYZER_NONNULL = YES;
				CLANG_ANALYZER_NUMBER_OBJECT_CONVERSION = YES_AGGRESSIVE;
				CLANG_CXX_LANGUAGE_STANDARD = "gnu++20";
				CLANG_ENABLE_MODULES = YES;
				CLANG_ENABLE_OBJC_ARC = YES;
				CLANG_ENABLE_OBJC_WEAK = YES;
				CLANG_WARN_BLOCK_CAPTURE_AUTORELEASING = YES;
				CLANG_WARN_BOOL_CONVERSION = YES;
				CLANG_WARN_COMMA = YES;
				CLANG_WARN_CONSTANT_CONVERSION = YES;
				CLANG_WARN_DEPRECATED_OBJC_IMPLEMENTATIONS = YES;
				CLANG_WARN_DIRECT_OBJC_ISA_USAGE = YES_ERROR;
				CLANG_WARN_DOCUMENTATION_COMMENTS = YES;
				CLANG_WARN_EMPTY_BODY = YES;
				CLANG_WARN_ENUM_CONVERSION = YES;
				CLANG_WARN_INFINITE_RECURSION = YES;
				CLANG_WARN_INT_CONVERSION = YES;
				CLANG_WARN_NON_LITERAL_NULL_CONVERSION = YES;
				CLANG_WARN_OBJC_IMPLICIT_RETAIN_SELF = YES;
				CLANG_WARN_OBJC_LITERAL_CONVERSION = YES;
				CLANG_WARN_OBJC_ROOT_CLASS = YES_ERROR;
				CLANG_WARN_QUOTED_INCLUDE_IN_FRAMEWORK_HEADER = YES;
				CLANG_WARN_RANGE_LOOP_ANALYSIS = YES;
				CLANG_WARN_STRICT_PROTOTYPES = YES;
				CLANG_WARN_SUSPICIOUS_MOVE = YES;
				CLANG_WARN_UNGUARDED_AVAILABILITY = YES_AGGRESSIVE;
				CLANG_WARN_UNREACHABLE_CODE = YES;
				CLANG_WARN__DUPLICATE_METHOD_MATCH = YES;
				COPY_PHASE_STRIP = NO;
				DEBUG_INFORMATION_FORMAT = dwarf;
				ENABLE_STRICT_OBJC_MSGSEND = YES;
				ENABLE_TESTABILITY = YES;
				ENABLE_USER_SCRIPT_SANDBOXING = YES;
				GCC_C_LANGUAGE_STANDARD = gnu17;
				GCC_DYNAMIC_NO_PIC = NO;
				GCC_NO_COMMON_BLOCKS = YES;
				GCC_OPTIMIZATION_LEVEL = 0;
				GCC_PREPROCESSOR_DEFINITIONS = (
					"DEBUG=1",
					"$(inherited)",
				);
				GCC_WARN_64_TO_32_BIT_CONVERSION = YES;
				GCC_WARN_ABOUT_RETURN_TYPE = YES_ERROR;
				GCC_WARN_UNDECLARED_SELECTOR = YES;
				GCC_WARN_UNINITIALIZED_AUTOS = YES_AGGRESSIVE;
				GCC_WARN_UNUSED_FUNCTION = YES;
				GCC_WARN_UNUSED_VARIABLE = YES;
				IPHONEOS_DEPLOYMENT_TARGET = 17.4;
				LOCALIZATION_PREFERS_STRING_CATALOGS = YES;
				MTL_ENABLE_DEBUG_INFO = INCLUDE_SOURCE;
				MTL_FAST_MATH = YES;
				ONLY_ACTIVE_ARCH = YES;
				SDKROOT = iphoneos;
				SWIFT_ACTIVE_COMPILATION_CONDITIONS = "DEBUG $(inherited)";
				SWIFT_OPTIMIZATION_LEVEL = "-Onone";
			};
			name = Debug;
		};
		C0AC22862B9E8DD900F3B624 /* Release */ = {
			isa = XCBuildConfiguration;
			buildSettings = {
				ALWAYS_SEARCH_USER_PATHS = NO;
				ASSETCATALOG_COMPILER_GENERATE_SWIFT_ASSET_SYMBOL_EXTENSIONS = YES;
				CLANG_ANALYZER_NONNULL = YES;
				CLANG_ANALYZER_NUMBER_OBJECT_CONVERSION = YES_AGGRESSIVE;
				CLANG_CXX_LANGUAGE_STANDARD = "gnu++20";
				CLANG_ENABLE_MODULES = YES;
				CLANG_ENABLE_OBJC_ARC = YES;
				CLANG_ENABLE_OBJC_WEAK = YES;
				CLANG_WARN_BLOCK_CAPTURE_AUTORELEASING = YES;
				CLANG_WARN_BOOL_CONVERSION = YES;
				CLANG_WARN_COMMA = YES;
				CLANG_WARN_CONSTANT_CONVERSION = YES;
				CLANG_WARN_DEPRECATED_OBJC_IMPLEMENTATIONS = YES;
				CLANG_WARN_DIRECT_OBJC_ISA_USAGE = YES_ERROR;
				CLANG_WARN_DOCUMENTATION_COMMENTS = YES;
				CLANG_WARN_EMPTY_BODY = YES;
				CLANG_WARN_ENUM_CONVERSION = YES;
				CLANG_WARN_INFINITE_RECURSION = YES;
				CLANG_WARN_INT_CONVERSION = YES;
				CLANG_WARN_NON_LITERAL_NULL_CONVERSION = YES;
				CLANG_WARN_OBJC_IMPLICIT_RETAIN_SELF = YES;
				CLANG_WARN_OBJC_LITERAL_CONVERSION = YES;
				CLANG_WARN_OBJC_ROOT_CLASS = YES_ERROR;
				CLANG_WARN_QUOTED_INCLUDE_IN_FRAMEWORK_HEADER = YES;
				CLANG_WARN_RANGE_LOOP_ANALYSIS = YES;
				CLANG_WARN_STRICT_PROTOTYPES = YES;
				CLANG_WARN_SUSPICIOUS_MOVE = YES;
				CLANG_WARN_UNGUARDED_AVAILABILITY = YES_AGGRESSIVE;
				CLANG_WARN_UNREACHABLE_CODE = YES;
				CLANG_WARN__DUPLICATE_METHOD_MATCH = YES;
				COPY_PHASE_STRIP = NO;
				DEBUG_INFORMATION_FORMAT = "dwarf-with-dsym";
				ENABLE_NS_ASSERTIONS = NO;
				ENABLE_STRICT_OBJC_MSGSEND = YES;
				ENABLE_USER_SCRIPT_SANDBOXING = YES;
				GCC_C_LANGUAGE_STANDARD = gnu17;
				GCC_NO_COMMON_BLOCKS = YES;
				GCC_WARN_64_TO_32_BIT_CONVERSION = YES;
				GCC_WARN_ABOUT_RETURN_TYPE = YES_ERROR;
				GCC_WARN_UNDECLARED_SELECTOR = YES;
				GCC_WARN_UNINITIALIZED_AUTOS = YES_AGGRESSIVE;
				GCC_WARN_UNUSED_FUNCTION = YES;
				GCC_WARN_UNUSED_VARIABLE = YES;
				IPHONEOS_DEPLOYMENT_TARGET = 17.4;
				LOCALIZATION_PREFERS_STRING_CATALOGS = YES;
				MTL_ENABLE_DEBUG_INFO = NO;
				MTL_FAST_MATH = YES;
				SDKROOT = iphoneos;
				SWIFT_COMPILATION_MODE = wholemodule;
				VALIDATE_PRODUCT = YES;
			};
			name = Release;
		};
		C0AC22882B9E8DD900F3B624 /* Debug */ = {
			isa = XCBuildConfiguration;
			buildSettings = {
				ASSETCATALOG_COMPILER_APPICON_NAME = AppIcon;
				ASSETCATALOG_COMPILER_GLOBAL_ACCENT_COLOR_NAME = AccentColor;
				CODE_SIGN_STYLE = Automatic;
				CURRENT_PROJECT_VERSION = 1;
				DEVELOPMENT_ASSET_PATHS = "\"Touchdown/Preview Content\"";
				DEVELOPMENT_TEAM = UHCN8F9756;
				ENABLE_PREVIEWS = YES;
				GENERATE_INFOPLIST_FILE = YES;
				INFOPLIST_FILE = Touchdown/Info.plist;
				INFOPLIST_KEY_CFBundleDisplayName = NO;
				INFOPLIST_KEY_LSApplicationCategoryType = "";
				INFOPLIST_KEY_UIApplicationSceneManifest_Generation = YES;
				INFOPLIST_KEY_UIApplicationSupportsIndirectInputEvents = YES;
				INFOPLIST_KEY_UISupportedInterfaceOrientations = UIInterfaceOrientationPortrait;
				INFOPLIST_KEY_UIUserInterfaceStyle = Light;
				LD_RUNPATH_SEARCH_PATHS = (
					"$(inherited)",
					"@executable_path/Frameworks",
				);
				MARKETING_VERSION = 1.0;
				PRODUCT_BUNDLE_IDENTIFIER = com.eymard.chad.Touchdown;
				PRODUCT_NAME = "$(TARGET_NAME)";
				SWIFT_EMIT_LOC_STRINGS = YES;
				SWIFT_VERSION = 5.0;
				TARGETED_DEVICE_FAMILY = "1,2";
			};
			name = Debug;
		};
		C0AC22892B9E8DD900F3B624 /* Release */ = {
			isa = XCBuildConfiguration;
			buildSettings = {
				ASSETCATALOG_COMPILER_APPICON_NAME = AppIcon;
				ASSETCATALOG_COMPILER_GLOBAL_ACCENT_COLOR_NAME = AccentColor;
				CODE_SIGN_STYLE = Automatic;
				CURRENT_PROJECT_VERSION = 1;
				DEVELOPMENT_ASSET_PATHS = "\"Touchdown/Preview Content\"";
				DEVELOPMENT_TEAM = UHCN8F9756;
				ENABLE_PREVIEWS = YES;
				GENERATE_INFOPLIST_FILE = YES;
				INFOPLIST_FILE = Touchdown/Info.plist;
				INFOPLIST_KEY_CFBundleDisplayName = NO;
				INFOPLIST_KEY_LSApplicationCategoryType = "";
				INFOPLIST_KEY_UIApplicationSceneManifest_Generation = YES;
				INFOPLIST_KEY_UIApplicationSupportsIndirectInputEvents = YES;
				INFOPLIST_KEY_UISupportedInterfaceOrientations = UIInterfaceOrientationPortrait;
				INFOPLIST_KEY_UIUserInterfaceStyle = Light;
				LD_RUNPATH_SEARCH_PATHS = (
					"$(inherited)",
					"@executable_path/Frameworks",
				);
				MARKETING_VERSION = 1.0;
				PRODUCT_BUNDLE_IDENTIFIER = com.eymard.chad.Touchdown;
				PRODUCT_NAME = "$(TARGET_NAME)";
				SWIFT_EMIT_LOC_STRINGS = YES;
				SWIFT_VERSION = 5.0;
				TARGETED_DEVICE_FAMILY = "1,2";
			};
			name = Release;
		};
/* End XCBuildConfiguration section */

/* Begin XCConfigurationList section */
		C0AC22742B9E8DD800F3B624 /* Build configuration list for PBXProject "Touchdown" */ = {
			isa = XCConfigurationList;
			buildConfigurations = (
				C0AC22852B9E8DD900F3B624 /* Debug */,
				C0AC22862B9E8DD900F3B624 /* Release */,
			);
			defaultConfigurationIsVisible = 0;
			defaultConfigurationName = Release;
		};
		C0AC22872B9E8DD900F3B624 /* Build configuration list for PBXNativeTarget "Touchdown" */ = {
			isa = XCConfigurationList;
			buildConfigurations = (
				C0AC22882B9E8DD900F3B624 /* Debug */,
				C0AC22892B9E8DD900F3B624 /* Release */,
			);
			defaultConfigurationIsVisible = 0;
			defaultConfigurationName = Release;
		};
/* End XCConfigurationList section */
	};
	rootObject = C0AC22712B9E8DD800F3B624 /* Project object */;
}
